PODS:
  - NSLogger (1.9.7):
    - NSLogger/ObjC (= 1.9.7)
  - NSLogger/ObjC (1.9.7)
  - ObjcExceptionBridging (1.0.1):
    - ObjcExceptionBridging/ObjcExceptionBridging (= 1.0.1)
  - ObjcExceptionBridging/ObjcExceptionBridging (1.0.1)
  - XCGLogger (7.0.0):
    - XCGLogger/Core (= 7.0.0)
  - XCGLogger/Core (7.0.0):
    - ObjcExceptionBridging

DEPENDENCIES:
  - NSLogger (>= 1.9)
  - XCGLogger (>= 7)

SPEC REPOS:
  trunk:
    - NSLogger
    - ObjcExceptionBridging
    - XCGLogger

SPEC CHECKSUMS:
  NSLogger: cf3013a4fba189f631f07e6c3d5b8ce2b209654b
  ObjcExceptionBridging: c30e00eb3700467e695faeea30e26e18bd445001
  XCGLogger: 0434f15e3909cdc450bb63faf638b8792ab782ab

PODFILE CHECKSUM: d9d74ac9e77701fc7d81eedb2d7518b3abf903bd

COCOAPODS: 1.8.4
